
Microsoft Visual Studio Solution File, Format Version 12.00
# Visual Studio Version 16
VisualStudioVersion = 16.0.31019.35
MinimumVisualStudioVersion = 10.0.40219.1
Project("{FAE04EC0-301F-11D3-BF4B-00C04F79EFBC}") = "MaDex Scraper", "MaDex Scraper\MaDex Scraper.csproj", "{E412D780-E7A1-4F9F-8948-B3CCAA56A7B5}"
EndProject
Global
	GlobalSection(SolutionConfigurationPlatforms) = preSolution
		Debug|Any CPU = Debug|Any CPU
		Release|Any CPU = Release|Any CPU
	EndGlobalSection
	GlobalSection(ProjectConfigurationPlatforms) = postSolution
		{E412D780-E7A1-4F9F-8948-B3CCAA56A7B5}.Debug|Any CPU.ActiveCfg = Debug|Any CPU
		{E412D780-E7A1-4F9F-8948-B3CCAA56A7B5}.Debug|Any CPU.Build.0 = Debug|Any CPU
		{E412D780-E7A1-4F9F-8948-B3CCAA56A7B5}.Release|Any CPU.ActiveCfg = Release|Any CPU
		{E412D780-E7A1-4F9F-8948-B3CCAA56A7B5}.Release|Any CPU.Build.0 = Release|Any CPU
	EndGlobalSection
	GlobalSection(SolutionProperties) = preSolution
		HideSolutionNode = FALSE
	EndGlobalSection
	GlobalSection(ExtensibilityGlobals) = postSolution
		SolutionGuid = {959ACB1F-18D2-431F-B09D-EA09B967BE84}
	EndGlobalSection
EndGlobal
